id: grsksdr_psk_mod
label: psk_mod
category: '[grsksdr]'

templates:
  imports: import grsksdr
  make: grsksdr.psk_mod(${modulation}, ${labels}, ${amplitude}, ${phase_offset})

#  Make one 'parameters' list entry for every parameter you want settable from the GUI.
#     Keys include:
#     * id (makes the value accessible as \$keyname, e.g. in the make entry)
#     * label (label shown in the GUI)
#     * dtype (e.g. int, float, complex, byte, short, xxx_vector, ...)
parameters:
- id: modulation
  label: Modulation
  dtype: string
- id: labels
  label: Labels
  dtype: int_vector
- id: amplitude
  label: Amplitude
  dtype: float
- id: phase_offset
  label: Phase offset
  dtype: float
#  Make one 'inputs' list entry per input and one 'outputs' list entry per output.
#  Keys include:
#      * label (an identifier for the GUI)
#      * domain (optional - stream or message. Default is stream)
#      * dtype (e.g. int, float, complex, byte, short, xxx_vector, ...)
#      * vlen (optional - data stream vector length. Default is 1)
#      * optional (optional - set to 1 for optional inputs. Default is 0)
inputs:
- label: in
  dtype: byte

outputs:
- label: out
  dtype: complex

#  'file_format' specifies the version of the GRC yml format used in the file
#  and should usually not be changed.
file_format: 1
